// !$*UTF8*$!
{
	archiveVersion = 1;
	classes = {
	};
	objectVersion = 50;
	objects = {

/* Begin PBXBuildFile section */
		E5E2404B266236F200F74502 /* main.m in Sources */ = {isa = PBXBuildFile; fileRef = E5E2404A266236F200F74502 /* main.m */; };
		E5E24053266238E200F74502 /* NSPrint.m in Sources */ = {isa = PBXBuildFile; fileRef = E5E24052266238E200F74502 /* NSPrint.m */; };
		E5E24058266241F700F74502 /* CheckError.m in Sources */ = {isa = PBXBuildFile; fileRef = E5E24057266241F700F74502 /* CheckError.m */; };
		E5E2405E266245A900F74502 /* OpenAudioFile.m in Sources */ = {isa = PBXBuildFile; fileRef = E5E2405D266245A900F74502 /* OpenAudioFile.m */; };
		E5E2406426649EF500F74502 /* CharPointerFilenameToNSURLp.m in Sources */ = {isa = PBXBuildFile; fileRef = E5E2406326649EF500F74502 /* CharPointerFilenameToNSURLp.m */; };
		E5E2406B266ABEDF00F74502 /* GetAudioFilePropertyInfoDictionary.m in Sources */ = {isa = PBXBuildFile; fileRef = E5E2406A266ABEDE00F74502 /* GetAudioFilePropertyInfoDictionary.m */; };
		E5E24070266C8B0D00F74502 /* PrintAudioFormatFlags.m in Sources */ = {isa = PBXBuildFile; fileRef = E5E2406F266C8B0C00F74502 /* PrintAudioFormatFlags.m */; };
		E5E24075266C8C7800F74502 /* PrintAudioFormatID.m in Sources */ = {isa = PBXBuildFile; fileRef = E5E24074266C8C7800F74502 /* PrintAudioFormatID.m */; };
		E5E2407A266C91F300F74502 /* PrintMagicCookieEncodingInformation.m in Sources */ = {isa = PBXBuildFile; fileRef = E5E24079266C91F300F74502 /* PrintMagicCookieEncodingInformation.m */; };
		E5E2407F266CBD3500F74502 /* GetEncodingMagicCookie.m in Sources */ = {isa = PBXBuildFile; fileRef = E5E2407E266CBD3500F74502 /* GetEncodingMagicCookie.m */; };
		E5E24084266D43CF00F74502 /* Input.m in Sources */ = {isa = PBXBuildFile; fileRef = E5E24083266D43CF00F74502 /* Input.m */; };
		E5E24088266DD74300F74502 /* AskUserForOutputFormat.m in Sources */ = {isa = PBXBuildFile; fileRef = E5E24087266DD74300F74502 /* AskUserForOutputFormat.m */; };
		E5E2408E266F21A700F74502 /* PrintAudioFileDictionary.m in Sources */ = {isa = PBXBuildFile; fileRef = E5E2408D266F21A700F74502 /* PrintAudioFileDictionary.m */; };
		E5E24098266F23F200F74502 /* PrintOutputFileAudioInformation.m in Sources */ = {isa = PBXBuildFile; fileRef = E5E24097266F23F200F74502 /* PrintOutputFileAudioInformation.m */; };
		E5E2409D266F264100F74502 /* PrintFileAudioInformation.m in Sources */ = {isa = PBXBuildFile; fileRef = E5E2409C266F264100F74502 /* PrintFileAudioInformation.m */; };
		E5E240A6266F594D00F74502 /* GetNumberOfPackets.m in Sources */ = {isa = PBXBuildFile; fileRef = E5E240A5266F594C00F74502 /* GetNumberOfPackets.m */; };
		E5E240AB266F5B7600F74502 /* GetMaximumPacketSize.m in Sources */ = {isa = PBXBuildFile; fileRef = E5E240AA266F5B7600F74502 /* GetMaximumPacketSize.m */; };
		E5E240B0266F9FB600F74502 /* PrintAudioStreamBasicDescription.m in Sources */ = {isa = PBXBuildFile; fileRef = E5E240AF266F9FB500F74502 /* PrintAudioStreamBasicDescription.m */; };
		E5E240C32670811B00F74502 /* InitializeOutputAudioFile.m in Sources */ = {isa = PBXBuildFile; fileRef = E5E240C22670811B00F74502 /* InitializeOutputAudioFile.m */; };
/* End PBXBuildFile section */

/* Begin PBXCopyFilesBuildPhase section */
		E5E24045266236F200F74502 /* CopyFiles */ = {
			isa = PBXCopyFilesBuildPhase;
			buildActionMask = 2147483647;
			dstPath = /usr/share/man/man1/;
			dstSubfolderSpec = 0;
			files = (
			);
			runOnlyForDeploymentPostprocessing = 1;
		};
/* End PBXCopyFilesBuildPhase section */

/* Begin PBXFileReference section */
		E5E24047266236F200F74502 /* audio_conversion */ = {isa = PBXFileReference; explicitFileType = "compiled.mach-o.executable"; includeInIndex = 0; path = audio_conversion; sourceTree = BUILT_PRODUCTS_DIR; };
		E5E2404A266236F200F74502 /* main.m */ = {isa = PBXFileReference; lastKnownFileType = sourcecode.c.objc; path = main.m; sourceTree = "<group>"; };
		E5E24052266238E200F74502 /* NSPrint.m */ = {isa = PBXFileReference; lastKnownFileType = sourcecode.c.objc; path = NSPrint.m; sourceTree = "<group>"; };
		E5E240552662390800F74502 /* NSPrint.h */ = {isa = PBXFileReference; lastKnownFileType = sourcecode.c.h; path = NSPrint.h; sourceTree = "<group>"; };
		E5E24057266241F700F74502 /* CheckError.m */ = {isa = PBXFileReference; lastKnownFileType = sourcecode.c.objc; path = CheckError.m; sourceTree = "<group>"; };
		E5E2405A2662423300F74502 /* CheckError.h */ = {isa = PBXFileReference; lastKnownFileType = sourcecode.c.h; path = CheckError.h; sourceTree = "<group>"; };
		E5E2405B2662443600F74502 /* AudioConverterSettings.h */ = {isa = PBXFileReference; lastKnownFileType = sourcecode.c.h; path = AudioConverterSettings.h; sourceTree = "<group>"; };
		E5E2405D266245A900F74502 /* OpenAudioFile.m */ = {isa = PBXFileReference; lastKnownFileType = sourcecode.c.objc; path = OpenAudioFile.m; sourceTree = "<group>"; };
		E5E240602662460E00F74502 /* OpenAudioFile.h */ = {isa = PBXFileReference; lastKnownFileType = sourcecode.c.h; path = OpenAudioFile.h; sourceTree = "<group>"; };
		E5E2406326649EF500F74502 /* CharPointerFilenameToNSURLp.m */ = {isa = PBXFileReference; lastKnownFileType = sourcecode.c.objc; path = CharPointerFilenameToNSURLp.m; sourceTree = "<group>"; };
		E5E2406626649FA500F74502 /* CharPointerFilenameToNSURLp.h */ = {isa = PBXFileReference; lastKnownFileType = sourcecode.c.h; path = CharPointerFilenameToNSURLp.h; sourceTree = "<group>"; };
		E5E2406A266ABEDE00F74502 /* GetAudioFilePropertyInfoDictionary.m */ = {isa = PBXFileReference; lastKnownFileType = sourcecode.c.objc; path = GetAudioFilePropertyInfoDictionary.m; sourceTree = "<group>"; };
		E5E2406D266ABF8800F74502 /* GetAudioFilePropertyInfoDictionary.h */ = {isa = PBXFileReference; lastKnownFileType = sourcecode.c.h; path = GetAudioFilePropertyInfoDictionary.h; sourceTree = "<group>"; };
		E5E2406F266C8B0C00F74502 /* PrintAudioFormatFlags.m */ = {isa = PBXFileReference; lastKnownFileType = sourcecode.c.objc; path = PrintAudioFormatFlags.m; sourceTree = "<group>"; };
		E5E24072266C8B3700F74502 /* PrintAudioFormatFlags.h */ = {isa = PBXFileReference; lastKnownFileType = sourcecode.c.h; path = PrintAudioFormatFlags.h; sourceTree = "<group>"; };
		E5E24074266C8C7800F74502 /* PrintAudioFormatID.m */ = {isa = PBXFileReference; lastKnownFileType = sourcecode.c.objc; path = PrintAudioFormatID.m; sourceTree = "<group>"; };
		E5E24077266C8CF000F74502 /* PrintAudioFormatID.h */ = {isa = PBXFileReference; lastKnownFileType = sourcecode.c.h; path = PrintAudioFormatID.h; sourceTree = "<group>"; };
		E5E24079266C91F300F74502 /* PrintMagicCookieEncodingInformation.m */ = {isa = PBXFileReference; lastKnownFileType = sourcecode.c.objc; path = PrintMagicCookieEncodingInformation.m; sourceTree = "<group>"; };
		E5E2407C266C92BF00F74502 /* PrintMagicCookieEncodingInformation.h */ = {isa = PBXFileReference; lastKnownFileType = sourcecode.c.h; path = PrintMagicCookieEncodingInformation.h; sourceTree = "<group>"; };
		E5E2407E266CBD3500F74502 /* GetEncodingMagicCookie.m */ = {isa = PBXFileReference; lastKnownFileType = sourcecode.c.objc; path = GetEncodingMagicCookie.m; sourceTree = "<group>"; };
		E5E24081266CBD4600F74502 /* GetEncodingMagicCookie.h */ = {isa = PBXFileReference; lastKnownFileType = sourcecode.c.h; path = GetEncodingMagicCookie.h; sourceTree = "<group>"; };
		E5E24083266D43CF00F74502 /* Input.m */ = {isa = PBXFileReference; lastKnownFileType = sourcecode.c.objc; path = Input.m; sourceTree = "<group>"; };
		E5E24086266D43FA00F74502 /* Input.h */ = {isa = PBXFileReference; lastKnownFileType = sourcecode.c.h; path = Input.h; sourceTree = "<group>"; };
		E5E24087266DD74300F74502 /* AskUserForOutputFormat.m */ = {isa = PBXFileReference; lastKnownFileType = sourcecode.c.objc; path = AskUserForOutputFormat.m; sourceTree = "<group>"; };
		E5E2408B266DD7D500F74502 /* AskUserForAudioFormat.h */ = {isa = PBXFileReference; lastKnownFileType = sourcecode.c.h; path = AskUserForAudioFormat.h; sourceTree = "<group>"; };
		E5E2408D266F21A700F74502 /* PrintAudioFileDictionary.m */ = {isa = PBXFileReference; lastKnownFileType = sourcecode.c.objc; path = PrintAudioFileDictionary.m; sourceTree = "<group>"; };
		E5E24090266F221600F74502 /* PrintAudioFileDictionary.h */ = {isa = PBXFileReference; lastKnownFileType = sourcecode.c.h; path = PrintAudioFileDictionary.h; sourceTree = "<group>"; };
		E5E24097266F23F200F74502 /* PrintOutputFileAudioInformation.m */ = {isa = PBXFileReference; lastKnownFileType = sourcecode.c.objc; path = PrintOutputFileAudioInformation.m; sourceTree = "<group>"; };
		E5E2409A266F241900F74502 /* PrintOutputFileAudioInformation.h */ = {isa = PBXFileReference; lastKnownFileType = sourcecode.c.h; path = PrintOutputFileAudioInformation.h; sourceTree = "<group>"; };
		E5E2409C266F264100F74502 /* PrintFileAudioInformation.m */ = {isa = PBXFileReference; lastKnownFileType = sourcecode.c.objc; path = PrintFileAudioInformation.m; sourceTree = "<group>"; };
		E5E2409F266F266E00F74502 /* PrintFileAudioInformation.h */ = {isa = PBXFileReference; lastKnownFileType = sourcecode.c.h; path = PrintFileAudioInformation.h; sourceTree = "<group>"; };
		E5E240A5266F594C00F74502 /* GetNumberOfPackets.m */ = {isa = PBXFileReference; lastKnownFileType = sourcecode.c.objc; path = GetNumberOfPackets.m; sourceTree = "<group>"; };
		E5E240A8266F597C00F74502 /* GetNumberOfPackets.h */ = {isa = PBXFileReference; lastKnownFileType = sourcecode.c.h; path = GetNumberOfPackets.h; sourceTree = "<group>"; };
		E5E240AA266F5B7600F74502 /* GetMaximumPacketSize.m */ = {isa = PBXFileReference; lastKnownFileType = sourcecode.c.objc; path = GetMaximumPacketSize.m; sourceTree = "<group>"; };
		E5E240AD266F5BE900F74502 /* GetMaximumPacketSize.h */ = {isa = PBXFileReference; lastKnownFileType = sourcecode.c.h; path = GetMaximumPacketSize.h; sourceTree = "<group>"; };
		E5E240AF266F9FB500F74502 /* PrintAudioStreamBasicDescription.m */ = {isa = PBXFileReference; lastKnownFileType = sourcecode.c.objc; path = PrintAudioStreamBasicDescription.m; sourceTree = "<group>"; };
		E5E240B2266FA03F00F74502 /* PrintAudioStreamBasicDescription.h */ = {isa = PBXFileReference; lastKnownFileType = sourcecode.c.h; path = PrintAudioStreamBasicDescription.h; sourceTree = "<group>"; };
		E5E240C22670811B00F74502 /* InitializeOutputAudioFile.m */ = {isa = PBXFileReference; lastKnownFileType = sourcecode.c.objc; path = InitializeOutputAudioFile.m; sourceTree = "<group>"; };
		E5E240C52670841100F74502 /* InitializeOutputAudioFile.h */ = {isa = PBXFileReference; lastKnownFileType = sourcecode.c.h; path = InitializeOutputAudioFile.h; sourceTree = "<group>"; };
/* End PBXFileReference section */

/* Begin PBXFrameworksBuildPhase section */
		E5E24044266236F200F74502 /* Frameworks */ = {
			isa = PBXFrameworksBuildPhase;
			buildActionMask = 2147483647;
			files = (
			);
			runOnlyForDeploymentPostprocessing = 0;
		};
/* End PBXFrameworksBuildPhase section */

/* Begin PBXGroup section */
		E5E2403E266236F200F74502 = {
			isa = PBXGroup;
			children = (
				E5E24049266236F200F74502 /* Audio Conversion Command Line */,
				E5E24048266236F200F74502 /* Products */,
			);
			sourceTree = "<group>";
		};
		E5E24048266236F200F74502 /* Products */ = {
			isa = PBXGroup;
			children = (
				E5E24047266236F200F74502 /* audio_conversion */,
			);
			name = Products;
			sourceTree = "<group>";
		};
		E5E24049266236F200F74502 /* Audio Conversion Command Line */ = {
			isa = PBXGroup;
			children = (
				E5E240B8266FE3D900F74502 /* AudioUtils */,
				E5E240B5266FE2C500F74502 /* Utils */,
				E5E2404A266236F200F74502 /* main.m */,
				E5E2405B2662443600F74502 /* AudioConverterSettings.h */,
			);
			path = "Audio Conversion Command Line";
			sourceTree = "<group>";
		};
		E5E240B5266FE2C500F74502 /* Utils */ = {
			isa = PBXGroup;
			children = (
				E5E24083266D43CF00F74502 /* Input.m */,
				E5E24086266D43FA00F74502 /* Input.h */,
				E5E2406326649EF500F74502 /* CharPointerFilenameToNSURLp.m */,
				E5E2406626649FA500F74502 /* CharPointerFilenameToNSURLp.h */,
				E5E24052266238E200F74502 /* NSPrint.m */,
				E5E240552662390800F74502 /* NSPrint.h */,
				E5E24057266241F700F74502 /* CheckError.m */,
				E5E2405A2662423300F74502 /* CheckError.h */,
			);
			path = Utils;
			sourceTree = "<group>";
		};
		E5E240B8266FE3D900F74502 /* AudioUtils */ = {
			isa = PBXGroup;
			children = (
				E5E240BD266FE53B00F74502 /* PrintUtils */,
				E5E2406A266ABEDE00F74502 /* GetAudioFilePropertyInfoDictionary.m */,
				E5E2406D266ABF8800F74502 /* GetAudioFilePropertyInfoDictionary.h */,
				E5E2407E266CBD3500F74502 /* GetEncodingMagicCookie.m */,
				E5E24081266CBD4600F74502 /* GetEncodingMagicCookie.h */,
				E5E24087266DD74300F74502 /* AskUserForOutputFormat.m */,
				E5E2408B266DD7D500F74502 /* AskUserForAudioFormat.h */,
				E5E2405D266245A900F74502 /* OpenAudioFile.m */,
				E5E240602662460E00F74502 /* OpenAudioFile.h */,
				E5E240A5266F594C00F74502 /* GetNumberOfPackets.m */,
				E5E240A8266F597C00F74502 /* GetNumberOfPackets.h */,
				E5E240AA266F5B7600F74502 /* GetMaximumPacketSize.m */,
				E5E240AD266F5BE900F74502 /* GetMaximumPacketSize.h */,
				E5E240C22670811B00F74502 /* InitializeOutputAudioFile.m */,
				E5E240C52670841100F74502 /* InitializeOutputAudioFile.h */,
			);
			path = AudioUtils;
			sourceTree = "<group>";
		};
		E5E240BD266FE53B00F74502 /* PrintUtils */ = {
			isa = PBXGroup;
			children = (
				E5E2406F266C8B0C00F74502 /* PrintAudioFormatFlags.m */,
				E5E24072266C8B3700F74502 /* PrintAudioFormatFlags.h */,
				E5E24074266C8C7800F74502 /* PrintAudioFormatID.m */,
				E5E24077266C8CF000F74502 /* PrintAudioFormatID.h */,
				E5E24079266C91F300F74502 /* PrintMagicCookieEncodingInformation.m */,
				E5E2407C266C92BF00F74502 /* PrintMagicCookieEncodingInformation.h */,
				E5E2408D266F21A700F74502 /* PrintAudioFileDictionary.m */,
				E5E24090266F221600F74502 /* PrintAudioFileDictionary.h */,
				E5E24097266F23F200F74502 /* PrintOutputFileAudioInformation.m */,
				E5E2409A266F241900F74502 /* PrintOutputFileAudioInformation.h */,
				E5E2409C266F264100F74502 /* PrintFileAudioInformation.m */,
				E5E2409F266F266E00F74502 /* PrintFileAudioInformation.h */,
				E5E240AF266F9FB500F74502 /* PrintAudioStreamBasicDescription.m */,
				E5E240B2266FA03F00F74502 /* PrintAudioStreamBasicDescription.h */,
			);
			path = PrintUtils;
			sourceTree = "<group>";
		};
/* End PBXGroup section */

/* Begin PBXNativeTarget section */
		E5E24046266236F200F74502 /* audio_conversion */ = {
			isa = PBXNativeTarget;
			buildConfigurationList = E5E2404E266236F200F74502 /* Build configuration list for PBXNativeTarget "audio_conversion" */;
			buildPhases = (
				E5E24043266236F200F74502 /* Sources */,
				E5E24044266236F200F74502 /* Frameworks */,
				E5E24045266236F200F74502 /* CopyFiles */,
			);
			buildRules = (
			);
			dependencies = (
			);
			name = audio_conversion;
			productName = "Audio Conversion Command Line";
			productReference = E5E24047266236F200F74502 /* audio_conversion */;
			productType = "com.apple.product-type.tool";
		};
/* End PBXNativeTarget section */

/* Begin PBXProject section */
		E5E2403F266236F200F74502 /* Project object */ = {
			isa = PBXProject;
			attributes = {
				LastUpgradeCheck = 1240;
				TargetAttributes = {
					E5E24046266236F200F74502 = {
						CreatedOnToolsVersion = 12.4;
					};
				};
			};
			buildConfigurationList = E5E24042266236F200F74502 /* Build configuration list for PBXProject "audio_conversion" */;
			compatibilityVersion = "Xcode 9.3";
			developmentRegion = en;
			hasScannedForEncodings = 0;
			knownRegions = (
				en,
				Base,
			);
			mainGroup = E5E2403E266236F200F74502;
			productRefGroup = E5E24048266236F200F74502 /* Products */;
			projectDirPath = "";
			projectRoot = "";
			targets = (
				E5E24046266236F200F74502 /* audio_conversion */,
			);
		};
/* End PBXProject section */

/* Begin PBXSourcesBuildPhase section */
		E5E24043266236F200F74502 /* Sources */ = {
			isa = PBXSourcesBuildPhase;
			buildActionMask = 2147483647;
			files = (
				E5E24053266238E200F74502 /* NSPrint.m in Sources */,
				E5E2407F266CBD3500F74502 /* GetEncodingMagicCookie.m in Sources */,
				E5E240AB266F5B7600F74502 /* GetMaximumPacketSize.m in Sources */,
				E5E240A6266F594D00F74502 /* GetNumberOfPackets.m in Sources */,
				E5E24058266241F700F74502 /* CheckError.m in Sources */,
				E5E2406426649EF500F74502 /* CharPointerFilenameToNSURLp.m in Sources */,
				E5E2405E266245A900F74502 /* OpenAudioFile.m in Sources */,
				E5E240C32670811B00F74502 /* InitializeOutputAudioFile.m in Sources */,
				E5E2407A266C91F300F74502 /* PrintMagicCookieEncodingInformation.m in Sources */,
				E5E24088266DD74300F74502 /* AskUserForOutputFormat.m in Sources */,
				E5E24098266F23F200F74502 /* PrintOutputFileAudioInformation.m in Sources */,
				E5E24075266C8C7800F74502 /* PrintAudioFormatID.m in Sources */,
				E5E2408E266F21A700F74502 /* PrintAudioFileDictionary.m in Sources */,
				E5E2409D266F264100F74502 /* PrintFileAudioInformation.m in Sources */,
				E5E240B0266F9FB600F74502 /* PrintAudioStreamBasicDescription.m in Sources */,
				E5E24084266D43CF00F74502 /* Input.m in Sources */,
				E5E2404B266236F200F74502 /* main.m in Sources */,
				E5E24070266C8B0D00F74502 /* PrintAudioFormatFlags.m in Sources */,
				E5E2406B266ABEDF00F74502 /* GetAudioFilePropertyInfoDictionary.m in Sources */,
			);
			runOnlyForDeploymentPostprocessing = 0;
		};
/* End PBXSourcesBuildPhase section */

/* Begin XCBuildConfiguration section */
		E5E2404C266236F200F74502 /* Debug */ = {
			isa = XCBuildConfiguration;
			buildSettings = {
				ALWAYS_SEARCH_USER_PATHS = NO;
				CLANG_ANALYZER_NONNULL = YES;
				CLANG_ANALYZER_NUMBER_OBJECT_CONVERSION = YES_AGGRESSIVE;
				CLANG_CXX_LANGUAGE_STANDARD = "gnu++14";
				CLANG_CXX_LIBRARY = "libc++";
				CLANG_ENABLE_MODULES = YES;
				CLANG_ENABLE_OBJC_ARC = YES;
				CLANG_ENABLE_OBJC_WEAK = YES;
				CLANG_WARN_BLOCK_CAPTURE_AUTORELEASING = YES;
				CLANG_WARN_BOOL_CONVERSION = YES;
				CLANG_WARN_COMMA = YES;
				CLANG_WARN_CONSTANT_CONVERSION = YES;
				CLANG_WARN_DEPRECATED_OBJC_IMPLEMENTATIONS = YES;
				CLANG_WARN_DIRECT_OBJC_ISA_USAGE = YES_ERROR;
				CLANG_WARN_DOCUMENTATION_COMMENTS = YES;
				CLANG_WARN_EMPTY_BODY = YES;
				CLANG_WARN_ENUM_CONVERSION = YES;
				CLANG_WARN_INFINITE_RECURSION = YES;
				CLANG_WARN_INT_CONVERSION = YES;
				CLANG_WARN_NON_LITERAL_NULL_CONVERSION = YES;
				CLANG_WARN_OBJC_IMPLICIT_RETAIN_SELF = YES;
				CLANG_WARN_OBJC_LITERAL_CONVERSION = YES;
				CLANG_WARN_OBJC_ROOT_CLASS = YES_ERROR;
				CLANG_WARN_QUOTED_INCLUDE_IN_FRAMEWORK_HEADER = YES;
				CLANG_WARN_RANGE_LOOP_ANALYSIS = YES;
				CLANG_WARN_STRICT_PROTOTYPES = YES;
				CLANG_WARN_SUSPICIOUS_MOVE = YES;
				CLANG_WARN_UNGUARDED_AVAILABILITY = YES_AGGRESSIVE;
				CLANG_WARN_UNREACHABLE_CODE = YES;
				CLANG_WARN__DUPLICATE_METHOD_MATCH = YES;
				COPY_PHASE_STRIP = NO;
				DEBUG_INFORMATION_FORMAT = dwarf;
				ENABLE_STRICT_OBJC_MSGSEND = YES;
				ENABLE_TESTABILITY = YES;
				GCC_C_LANGUAGE_STANDARD = gnu11;
				GCC_DYNAMIC_NO_PIC = NO;
				GCC_NO_COMMON_BLOCKS = YES;
				GCC_OPTIMIZATION_LEVEL = 0;
				GCC_PREPROCESSOR_DEFINITIONS = (
					"DEBUG=1",
					"$(inherited)",
				);
				GCC_WARN_64_TO_32_BIT_CONVERSION = YES;
				GCC_WARN_ABOUT_RETURN_TYPE = YES_ERROR;
				GCC_WARN_UNDECLARED_SELECTOR = YES;
				GCC_WARN_UNINITIALIZED_AUTOS = YES_AGGRESSIVE;
				GCC_WARN_UNUSED_FUNCTION = YES;
				GCC_WARN_UNUSED_VARIABLE = YES;
				MACOSX_DEPLOYMENT_TARGET = 10.15;
				MTL_ENABLE_DEBUG_INFO = INCLUDE_SOURCE;
				MTL_FAST_MATH = YES;
				ONLY_ACTIVE_ARCH = YES;
				SDKROOT = macosx;
			};
			name = Debug;
		};
		E5E2404D266236F200F74502 /* Release */ = {
			isa = XCBuildConfiguration;
			buildSettings = {
				ALWAYS_SEARCH_USER_PATHS = NO;
				CLANG_ANALYZER_NONNULL = YES;
				CLANG_ANALYZER_NUMBER_OBJECT_CONVERSION = YES_AGGRESSIVE;
				CLANG_CXX_LANGUAGE_STANDARD = "gnu++14";
				CLANG_CXX_LIBRARY = "libc++";
				CLANG_ENABLE_MODULES = YES;
				CLANG_ENABLE_OBJC_ARC = YES;
				CLANG_ENABLE_OBJC_WEAK = YES;
				CLANG_WARN_BLOCK_CAPTURE_AUTORELEASING = YES;
				CLANG_WARN_BOOL_CONVERSION = YES;
				CLANG_WARN_COMMA = YES;
				CLANG_WARN_CONSTANT_CONVERSION = YES;
				CLANG_WARN_DEPRECATED_OBJC_IMPLEMENTATIONS = YES;
				CLANG_WARN_DIRECT_OBJC_ISA_USAGE = YES_ERROR;
				CLANG_WARN_DOCUMENTATION_COMMENTS = YES;
				CLANG_WARN_EMPTY_BODY = YES;
				CLANG_WARN_ENUM_CONVERSION = YES;
				CLANG_WARN_INFINITE_RECURSION = YES;
				CLANG_WARN_INT_CONVERSION = YES;
				CLANG_WARN_NON_LITERAL_NULL_CONVERSION = YES;
				CLANG_WARN_OBJC_IMPLICIT_RETAIN_SELF = YES;
				CLANG_WARN_OBJC_LITERAL_CONVERSION = YES;
				CLANG_WARN_OBJC_ROOT_CLASS = YES_ERROR;
				CLANG_WARN_QUOTED_INCLUDE_IN_FRAMEWORK_HEADER = YES;
				CLANG_WARN_RANGE_LOOP_ANALYSIS = YES;
				CLANG_WARN_STRICT_PROTOTYPES = YES;
				CLANG_WARN_SUSPICIOUS_MOVE = YES;
				CLANG_WARN_UNGUARDED_AVAILABILITY = YES_AGGRESSIVE;
				CLANG_WARN_UNREACHABLE_CODE = YES;
				CLANG_WARN__DUPLICATE_METHOD_MATCH = YES;
				COPY_PHASE_STRIP = NO;
				DEBUG_INFORMATION_FORMAT = "dwarf-with-dsym";
				ENABLE_NS_ASSERTIONS = NO;
				ENABLE_STRICT_OBJC_MSGSEND = YES;
				GCC_C_LANGUAGE_STANDARD = gnu11;
				GCC_NO_COMMON_BLOCKS = YES;
				GCC_WARN_64_TO_32_BIT_CONVERSION = YES;
				GCC_WARN_ABOUT_RETURN_TYPE = YES_ERROR;
				GCC_WARN_UNDECLARED_SELECTOR = YES;
				GCC_WARN_UNINITIALIZED_AUTOS = YES_AGGRESSIVE;
				GCC_WARN_UNUSED_FUNCTION = YES;
				GCC_WARN_UNUSED_VARIABLE = YES;
				MACOSX_DEPLOYMENT_TARGET = 10.15;
				MTL_ENABLE_DEBUG_INFO = NO;
				MTL_FAST_MATH = YES;
				SDKROOT = macosx;
			};
			name = Release;
		};
		E5E2404F266236F200F74502 /* Debug */ = {
			isa = XCBuildConfiguration;
			buildSettings = {
				CODE_SIGN_STYLE = Automatic;
				DEVELOPMENT_TEAM = 6EA52N78QZ;
				ENABLE_HARDENED_RUNTIME = YES;
				PRODUCT_NAME = "$(TARGET_NAME)";
			};
			name = Debug;
		};
		E5E24050266236F200F74502 /* Release */ = {
			isa = XCBuildConfiguration;
			buildSettings = {
				CODE_SIGN_STYLE = Automatic;
				DEVELOPMENT_TEAM = 6EA52N78QZ;
				ENABLE_HARDENED_RUNTIME = YES;
				PRODUCT_NAME = "$(TARGET_NAME)";
			};
			name = Release;
		};
/* End XCBuildConfiguration section */

/* Begin XCConfigurationList section */
		E5E24042266236F200F74502 /* Build configuration list for PBXProject "audio_conversion" */ = {
			isa = XCConfigurationList;
			buildConfigurations = (
				E5E2404C266236F200F74502 /* Debug */,
				E5E2404D266236F200F74502 /* Release */,
			);
			defaultConfigurationIsVisible = 0;
			defaultConfigurationName = Release;
		};
		E5E2404E266236F200F74502 /* Build configuration list for PBXNativeTarget "audio_conversion" */ = {
			isa = XCConfigurationList;
			buildConfigurations = (
				E5E2404F266236F200F74502 /* Debug */,
				E5E24050266236F200F74502 /* Release */,
			);
			defaultConfigurationIsVisible = 0;
			defaultConfigurationName = Release;
		};
/* End XCConfigurationList section */
	};
	rootObject = E5E2403F266236F200F74502 /* Project object */;
}
